
Microsoft Visual Studio Solution File, Format Version 12.00
# Visual Studio Version 17
VisualStudioVersion = 17.4.33213.308
MinimumVisualStudioVersion = 10.0.40219.1
Project("{FAE04EC0-301F-11D3-BF4B-00C04F79EFBC}") = "Lesson1", "Lesson1\Lesson1.csproj", "{4BCF6FF1-1ED9-435C-B518-150BC152C9CC}"
EndProject
Global
	GlobalSection(SolutionConfigurationPlatforms) = preSolution
		Debug|Any CPU = Debug|Any CPU
		Release|Any CPU = Release|Any CPU
	EndGlobalSection
	GlobalSection(ProjectConfigurationPlatforms) = postSolution
		{4BCF6FF1-1ED9-435C-B518-150BC152C9CC}.Debug|Any CPU.ActiveCfg = Debug|Any CPU
		{4BCF6FF1-1ED9-435C-B518-150BC152C9CC}.Debug|Any CPU.Build.0 = Debug|Any CPU
		{4BCF6FF1-1ED9-435C-B518-150BC152C9CC}.Release|Any CPU.ActiveCfg = Release|Any CPU
		{4BCF6FF1-1ED9-435C-B518-150BC152C9CC}.Release|Any CPU.Build.0 = Release|Any CPU
	EndGlobalSection
	GlobalSection(SolutionProperties) = preSolution
		HideSolutionNode = FALSE
	EndGlobalSection
	GlobalSection(ExtensibilityGlobals) = postSolution
		SolutionGuid = {ACF9D5FF-9BAD-4F8B-A613-09423A6FB808}
	EndGlobalSection
EndGlobal
